
Microsoft Visual Studio Solution File, Format Version 12.00
Project("{2150E333-8FDC-42A3-9474-1A3956D46DE8}") = "_auxiliary", "_auxiliary", "{476D051F-A554-4BDE-AFEC-1A2B3D0944ED}"
EndProject
Project("{2150E333-8FDC-42A3-9474-1A3956D46DE8}") = "Client", "Client", "{9CBC7504-9826-4B2B-927A-F42788D6889F}"
EndProject
Project("{FAE04EC0-301F-11D3-BF4B-00C04F79EFBC}") = "LiteTorrent.Client", "src\LiteTorrent.Client\LiteTorrent.Client.csproj", "{C9539619-6B43-4CB7-A24D-321600DE8B28}"
EndProject
Project("{2150E333-8FDC-42A3-9474-1A3956D46DE8}") = "LiteTorrent", "LiteTorrent", "{DCEFB6A5-C25D-4431-9962-47BB09F17560}"
EndProject
Project("{2150E333-8FDC-42A3-9474-1A3956D46DE8}") = "Sdk", "Sdk", "{7238518E-1F03-4B77-A955-4FBAC8E3C981}"
EndProject
Project("{2150E333-8FDC-42A3-9474-1A3956D46DE8}") = "Ui", "Ui", "{F86E09A9-BD28-4EE9-B452-4E7C9F901FEE}"
EndProject
Project("{FAE04EC0-301F-11D3-BF4B-00C04F79EFBC}") = "LiteTorrent.Cli", "src\LiteTorrent.Cli\LiteTorrent.Cli.csproj", "{44466936-5458-4BE3-A55C-0B88B0955F97}"
EndProject
Project("{FAE04EC0-301F-11D3-BF4B-00C04F79EFBC}") = "LiteTorrent.Domain", "src\LiteTorrent.Domain\LiteTorrent.Domain.csproj", "{BFEBC586-0751-4C3C-8A6F-7AC6A4FB9755}"
EndProject
Project("{FAE04EC0-301F-11D3-BF4B-00C04F79EFBC}") = "LiteTorrent.Domain.Services", "src\LiteTorrent.Domain.Services\LiteTorrent.Domain.Services.csproj", "{16AF02A4-8A08-4959-9AB1-BD434C4C4C91}"
EndProject
Project("{FAE04EC0-301F-11D3-BF4B-00C04F79EFBC}") = "LiteTorrent.Infra", "src\LiteTorrent.Infra\LiteTorrent.Infra.csproj", "{0D12AA7C-DC1D-48F7-80DA-7B4A6180F5EF}"
EndProject
Project("{2150E333-8FDC-42A3-9474-1A3956D46DE8}") = "Tracker", "Tracker", "{3B2D8943-83CB-4E3C-BCE7-EA8D8EE2D52C}"
EndProject
Project("{FAE04EC0-301F-11D3-BF4B-00C04F79EFBC}") = "LiteTorrent.Tracker.Client", "src\LiteTorrent.Tracker.Client\LiteTorrent.Tracker.Client.csproj", "{8BE64029-7EB2-43EC-B38F-06FAA431B144}"
EndProject
Project("{FAE04EC0-301F-11D3-BF4B-00C04F79EFBC}") = "TestClientProjct", "TestClientProjct\TestClientProjct.csproj", "{4BDD8151-DF19-4E8C-870F-CFB4D1820578}"
EndProject
Global
	GlobalSection(SolutionConfigurationPlatforms) = preSolution
		Debug|Any CPU = Debug|Any CPU
		Release|Any CPU = Release|Any CPU
	EndGlobalSection
	GlobalSection(NestedProjects) = preSolution
		{C9539619-6B43-4CB7-A24D-321600DE8B28} = {9CBC7504-9826-4B2B-927A-F42788D6889F}
		{9CBC7504-9826-4B2B-927A-F42788D6889F} = {DCEFB6A5-C25D-4431-9962-47BB09F17560}
		{7238518E-1F03-4B77-A955-4FBAC8E3C981} = {DCEFB6A5-C25D-4431-9962-47BB09F17560}
		{F86E09A9-BD28-4EE9-B452-4E7C9F901FEE} = {DCEFB6A5-C25D-4431-9962-47BB09F17560}
		{44466936-5458-4BE3-A55C-0B88B0955F97} = {F86E09A9-BD28-4EE9-B452-4E7C9F901FEE}
		{BFEBC586-0751-4C3C-8A6F-7AC6A4FB9755} = {7238518E-1F03-4B77-A955-4FBAC8E3C981}
		{16AF02A4-8A08-4959-9AB1-BD434C4C4C91} = {7238518E-1F03-4B77-A955-4FBAC8E3C981}
		{0D12AA7C-DC1D-48F7-80DA-7B4A6180F5EF} = {7238518E-1F03-4B77-A955-4FBAC8E3C981}
		{3B2D8943-83CB-4E3C-BCE7-EA8D8EE2D52C} = {DCEFB6A5-C25D-4431-9962-47BB09F17560}
		{8BE64029-7EB2-43EC-B38F-06FAA431B144} = {3B2D8943-83CB-4E3C-BCE7-EA8D8EE2D52C}
		{4BDD8151-DF19-4E8C-870F-CFB4D1820578} = {3B2D8943-83CB-4E3C-BCE7-EA8D8EE2D52C}
	EndGlobalSection
	GlobalSection(ProjectConfigurationPlatforms) = postSolution
		{C9539619-6B43-4CB7-A24D-321600DE8B28}.Debug|Any CPU.ActiveCfg = Debug|Any CPU
		{C9539619-6B43-4CB7-A24D-321600DE8B28}.Debug|Any CPU.Build.0 = Debug|Any CPU
		{C9539619-6B43-4CB7-A24D-321600DE8B28}.Release|Any CPU.ActiveCfg = Release|Any CPU
		{C9539619-6B43-4CB7-A24D-321600DE8B28}.Release|Any CPU.Build.0 = Release|Any CPU
		{44466936-5458-4BE3-A55C-0B88B0955F97}.Debug|Any CPU.ActiveCfg = Debug|Any CPU
		{44466936-5458-4BE3-A55C-0B88B0955F97}.Debug|Any CPU.Build.0 = Debug|Any CPU
		{44466936-5458-4BE3-A55C-0B88B0955F97}.Release|Any CPU.ActiveCfg = Release|Any CPU
		{44466936-5458-4BE3-A55C-0B88B0955F97}.Release|Any CPU.Build.0 = Release|Any CPU
		{BFEBC586-0751-4C3C-8A6F-7AC6A4FB9755}.Debug|Any CPU.ActiveCfg = Debug|Any CPU
		{BFEBC586-0751-4C3C-8A6F-7AC6A4FB9755}.Debug|Any CPU.Build.0 = Debug|Any CPU
		{BFEBC586-0751-4C3C-8A6F-7AC6A4FB9755}.Release|Any CPU.ActiveCfg = Release|Any CPU
		{BFEBC586-0751-4C3C-8A6F-7AC6A4FB9755}.Release|Any CPU.Build.0 = Release|Any CPU
		{16AF02A4-8A08-4959-9AB1-BD434C4C4C91}.Debug|Any CPU.ActiveCfg = Debug|Any CPU
		{16AF02A4-8A08-4959-9AB1-BD434C4C4C91}.Debug|Any CPU.Build.0 = Debug|Any CPU
		{16AF02A4-8A08-4959-9AB1-BD434C4C4C91}.Release|Any CPU.ActiveCfg = Release|Any CPU
		{16AF02A4-8A08-4959-9AB1-BD434C4C4C91}.Release|Any CPU.Build.0 = Release|Any CPU
		{0D12AA7C-DC1D-48F7-80DA-7B4A6180F5EF}.Debug|Any CPU.ActiveCfg = Debug|Any CPU
		{0D12AA7C-DC1D-48F7-80DA-7B4A6180F5EF}.Debug|Any CPU.Build.0 = Debug|Any CPU
		{0D12AA7C-DC1D-48F7-80DA-7B4A6180F5EF}.Release|Any CPU.ActiveCfg = Release|Any CPU
		{0D12AA7C-DC1D-48F7-80DA-7B4A6180F5EF}.Release|Any CPU.Build.0 = Release|Any CPU
		{8BE64029-7EB2-43EC-B38F-06FAA431B144}.Debug|Any CPU.ActiveCfg = Debug|Any CPU
		{8BE64029-7EB2-43EC-B38F-06FAA431B144}.Debug|Any CPU.Build.0 = Debug|Any CPU
		{8BE64029-7EB2-43EC-B38F-06FAA431B144}.Release|Any CPU.ActiveCfg = Release|Any CPU
		{8BE64029-7EB2-43EC-B38F-06FAA431B144}.Release|Any CPU.Build.0 = Release|Any CPU
		{4BDD8151-DF19-4E8C-870F-CFB4D1820578}.Debug|Any CPU.ActiveCfg = Debug|Any CPU
		{4BDD8151-DF19-4E8C-870F-CFB4D1820578}.Debug|Any CPU.Build.0 = Debug|Any CPU
		{4BDD8151-DF19-4E8C-870F-CFB4D1820578}.Release|Any CPU.ActiveCfg = Release|Any CPU
		{4BDD8151-DF19-4E8C-870F-CFB4D1820578}.Release|Any CPU.Build.0 = Release|Any CPU
	EndGlobalSection
EndGlobal
