
Microsoft Visual Studio Solution File, Format Version 12.00
Project("{2150E333-8FDC-42A3-9474-1A3956D46DE8}") = "_auxiliary", "_auxiliary", "{476D051F-A554-4BDE-AFEC-1A2B3D0944ED}"
	ProjectSection(SolutionItems) = preProject
		.gitignore = .gitignore
	EndProjectSection
EndProject
Project("{2150E333-8FDC-42A3-9474-1A3956D46DE8}") = "Client", "Client", "{9CBC7504-9826-4B2B-927A-F42788D6889F}"
EndProject
Project("{2150E333-8FDC-42A3-9474-1A3956D46DE8}") = "LiteTorrent", "LiteTorrent", "{DCEFB6A5-C25D-4431-9962-47BB09F17560}"
EndProject
Project("{2150E333-8FDC-42A3-9474-1A3956D46DE8}") = "Sdk", "Sdk", "{7238518E-1F03-4B77-A955-4FBAC8E3C981}"
EndProject
Project("{FAE04EC0-301F-11D3-BF4B-00C04F79EFBC}") = "LiteTorrent.Domain", "src\LiteTorrent.Domain\LiteTorrent.Domain.csproj", "{BFEBC586-0751-4C3C-8A6F-7AC6A4FB9755}"
EndProject
Project("{FAE04EC0-301F-11D3-BF4B-00C04F79EFBC}") = "LiteTorrent.Domain.Services", "src\LiteTorrent.Domain.Services\LiteTorrent.Domain.Services.csproj", "{16AF02A4-8A08-4959-9AB1-BD434C4C4C91}"
EndProject
Project("{FAE04EC0-301F-11D3-BF4B-00C04F79EFBC}") = "LiteTorrent.Core", "src\LiteTorrent.Core\LiteTorrent.Core.csproj", "{0D12AA7C-DC1D-48F7-80DA-7B4A6180F5EF}"
EndProject
Project("{FAE04EC0-301F-11D3-BF4B-00C04F79EFBC}") = "LiteTorrent.Domain.Tests", "src\LiteTorrent.Domain.Tests\LiteTorrent.Domain.Tests.csproj", "{55088328-F270-4D0D-AF17-05E46E0AD4D4}"
EndProject
Project("{FAE04EC0-301F-11D3-BF4B-00C04F79EFBC}") = "LiteTorrent.Client.Backend", "src\LiteTorrent.Client.Backend\LiteTorrent.Client.Backend.csproj", "{0E6AF7AF-B46E-4E20-AF94-59CF624106C1}"
EndProject
Project("{FAE04EC0-301F-11D3-BF4B-00C04F79EFBC}") = "LiteTorrent.Client.Frontend.Cli", "src\LiteTorrent.Client.Frontend.Cli\LiteTorrent.Client.Frontend.Cli.csproj", "{536B1679-0D62-47A3-851A-C6098E445FA9}"
EndProject
Global
	GlobalSection(SolutionConfigurationPlatforms) = preSolution
		Debug|Any CPU = Debug|Any CPU
		Release|Any CPU = Release|Any CPU
	EndGlobalSection
	GlobalSection(NestedProjects) = preSolution
		{9CBC7504-9826-4B2B-927A-F42788D6889F} = {DCEFB6A5-C25D-4431-9962-47BB09F17560}
		{7238518E-1F03-4B77-A955-4FBAC8E3C981} = {DCEFB6A5-C25D-4431-9962-47BB09F17560}
		{BFEBC586-0751-4C3C-8A6F-7AC6A4FB9755} = {7238518E-1F03-4B77-A955-4FBAC8E3C981}
		{16AF02A4-8A08-4959-9AB1-BD434C4C4C91} = {7238518E-1F03-4B77-A955-4FBAC8E3C981}
		{0D12AA7C-DC1D-48F7-80DA-7B4A6180F5EF} = {7238518E-1F03-4B77-A955-4FBAC8E3C981}
		{55088328-F270-4D0D-AF17-05E46E0AD4D4} = {7238518E-1F03-4B77-A955-4FBAC8E3C981}
		{0E6AF7AF-B46E-4E20-AF94-59CF624106C1} = {9CBC7504-9826-4B2B-927A-F42788D6889F}
		{536B1679-0D62-47A3-851A-C6098E445FA9} = {9CBC7504-9826-4B2B-927A-F42788D6889F}
	EndGlobalSection
	GlobalSection(ProjectConfigurationPlatforms) = postSolution
		{BFEBC586-0751-4C3C-8A6F-7AC6A4FB9755}.Debug|Any CPU.ActiveCfg = Debug|Any CPU
		{BFEBC586-0751-4C3C-8A6F-7AC6A4FB9755}.Debug|Any CPU.Build.0 = Debug|Any CPU
		{BFEBC586-0751-4C3C-8A6F-7AC6A4FB9755}.Release|Any CPU.ActiveCfg = Release|Any CPU
		{BFEBC586-0751-4C3C-8A6F-7AC6A4FB9755}.Release|Any CPU.Build.0 = Release|Any CPU
		{16AF02A4-8A08-4959-9AB1-BD434C4C4C91}.Debug|Any CPU.ActiveCfg = Debug|Any CPU
		{16AF02A4-8A08-4959-9AB1-BD434C4C4C91}.Debug|Any CPU.Build.0 = Debug|Any CPU
		{16AF02A4-8A08-4959-9AB1-BD434C4C4C91}.Release|Any CPU.ActiveCfg = Release|Any CPU
		{16AF02A4-8A08-4959-9AB1-BD434C4C4C91}.Release|Any CPU.Build.0 = Release|Any CPU
		{0D12AA7C-DC1D-48F7-80DA-7B4A6180F5EF}.Debug|Any CPU.ActiveCfg = Debug|Any CPU
		{0D12AA7C-DC1D-48F7-80DA-7B4A6180F5EF}.Debug|Any CPU.Build.0 = Debug|Any CPU
		{0D12AA7C-DC1D-48F7-80DA-7B4A6180F5EF}.Release|Any CPU.ActiveCfg = Release|Any CPU
		{0D12AA7C-DC1D-48F7-80DA-7B4A6180F5EF}.Release|Any CPU.Build.0 = Release|Any CPU
		{55088328-F270-4D0D-AF17-05E46E0AD4D4}.Debug|Any CPU.ActiveCfg = Debug|Any CPU
		{55088328-F270-4D0D-AF17-05E46E0AD4D4}.Debug|Any CPU.Build.0 = Debug|Any CPU
		{55088328-F270-4D0D-AF17-05E46E0AD4D4}.Release|Any CPU.ActiveCfg = Release|Any CPU
		{55088328-F270-4D0D-AF17-05E46E0AD4D4}.Release|Any CPU.Build.0 = Release|Any CPU
		{0E6AF7AF-B46E-4E20-AF94-59CF624106C1}.Debug|Any CPU.ActiveCfg = Debug|Any CPU
		{0E6AF7AF-B46E-4E20-AF94-59CF624106C1}.Debug|Any CPU.Build.0 = Debug|Any CPU
		{0E6AF7AF-B46E-4E20-AF94-59CF624106C1}.Release|Any CPU.ActiveCfg = Release|Any CPU
		{0E6AF7AF-B46E-4E20-AF94-59CF624106C1}.Release|Any CPU.Build.0 = Release|Any CPU
		{536B1679-0D62-47A3-851A-C6098E445FA9}.Debug|Any CPU.ActiveCfg = Debug|Any CPU
		{536B1679-0D62-47A3-851A-C6098E445FA9}.Debug|Any CPU.Build.0 = Debug|Any CPU
		{536B1679-0D62-47A3-851A-C6098E445FA9}.Release|Any CPU.ActiveCfg = Release|Any CPU
		{536B1679-0D62-47A3-851A-C6098E445FA9}.Release|Any CPU.Build.0 = Release|Any CPU
	EndGlobalSection
EndGlobal
